langcode: en
status: true
dependencies:
  content:
    - 'file:file:a6f6fac4-a85f-4885-8ede-d4b2935234f1'
  module:
    - d324_ace_paragraph_behaviors
    - paragraphs_library
third_party_settings:
  paragraphs_library:
    allow_library_conversion: true
id: simple_block
label: 'Simple Block'
icon_uuid: a6f6fac4-a85f-4885-8ede-d4b2935234f1
description: 'A simple paragraph block consisting of a heading, sub-heading, text content, link and image'
behavior_plugins:
  ace_background:
    enabled: true
    background_media_field: field_media
  ace_paragraph_class:
    enabled: true
  ace_paragraphs_styles:
    groups: {  }
