langcode: en
status: false
dependencies:
  config:
    - views.view.header_image_block
  module:
    - block_class
    - system
    - views
third_party_settings:
  block_class:
    classes: 'header-image-block breakout-container mb-5'
id: header_image_block
theme: null
region: ''
weight: 0
provider: null
plugin: 'views_block:header_image_block-block_2'
settings:
  id: 'views_block:header_image_block-block_2'
  label: ''
  provider: views
  label_display: '0'
  views_label: ''
  items_per_page: none
  context_mapping: {  }
visibility:
  request_path:
    id: request_path
    pages: '<front>'
    negate: true
    context_mapping: {  }
